// !$*UTF8*$!
{
	archiveVersion = 1;
	classes = {
	};
	objectVersion = 46;
	objects = {

/* Begin PBXBuildFile section */
		14425E551C97078A00F0FAD1 /* UIColor+Custom.swift in Sources */ = {isa = PBXBuildFile; fileRef = 14425E4D1C97078A00F0FAD1 /* UIColor+Custom.swift */; };
		14425E561C97078A00F0FAD1 /* UIColor+Custom.swift in Sources */ = {isa = PBXBuildFile; fileRef = 14425E4D1C97078A00F0FAD1 /* UIColor+Custom.swift */; };
		14425E571C97078A00F0FAD1 /* UIFont+Custom.swift in Sources */ = {isa = PBXBuildFile; fileRef = 14425E4E1C97078A00F0FAD1 /* UIFont+Custom.swift */; };
		14425E581C97078A00F0FAD1 /* UIFont+Custom.swift in Sources */ = {isa = PBXBuildFile; fileRef = 14425E4E1C97078A00F0FAD1 /* UIFont+Custom.swift */; };
		14425E591C97078A00F0FAD1 /* Fetcher.swift in Sources */ = {isa = PBXBuildFile; fileRef = 14425E501C97078A00F0FAD1 /* Fetcher.swift */; };
		14425E5A1C97078A00F0FAD1 /* Fetcher.swift in Sources */ = {isa = PBXBuildFile; fileRef = 14425E501C97078A00F0FAD1 /* Fetcher.swift */; };
		14425E5B1C97078A00F0FAD1 /* BaseCollectionViewController.swift in Sources */ = {isa = PBXBuildFile; fileRef = 14425E521C97078A00F0FAD1 /* BaseCollectionViewController.swift */; };
		14425E5C1C97078A00F0FAD1 /* BaseCollectionViewController.swift in Sources */ = {isa = PBXBuildFile; fileRef = 14425E521C97078A00F0FAD1 /* BaseCollectionViewController.swift */; };
		14425E5D1C97078A00F0FAD1 /* BaseTableViewController.swift in Sources */ = {isa = PBXBuildFile; fileRef = 14425E531C97078A00F0FAD1 /* BaseTableViewController.swift */; };
		14425E5E1C97078A00F0FAD1 /* BaseTableViewController.swift in Sources */ = {isa = PBXBuildFile; fileRef = 14425E531C97078A00F0FAD1 /* BaseTableViewController.swift */; };
		14425E5F1C97078A00F0FAD1 /* BaseViewController.swift in Sources */ = {isa = PBXBuildFile; fileRef = 14425E541C97078A00F0FAD1 /* BaseViewController.swift */; };
		14425E601C97078A00F0FAD1 /* BaseViewController.swift in Sources */ = {isa = PBXBuildFile; fileRef = 14425E541C97078A00F0FAD1 /* BaseViewController.swift */; };
		146E27A91BCD51F200959BBA /* LaunchScreen.xib in Resources */ = {isa = PBXBuildFile; fileRef = 146E279F1BCD51F200959BBA /* LaunchScreen.xib */; };
		146E27AA1BCD51F200959BBA /* Images.xcassets in Resources */ = {isa = PBXBuildFile; fileRef = 146E27A11BCD51F200959BBA /* Images.xcassets */; };
		146E27AC1BCD51F200959BBA /* AppDelegate.swift in Sources */ = {isa = PBXBuildFile; fileRef = 146E27A41BCD51F200959BBA /* AppDelegate.swift */; };
		146E27AD1BCD51F200959BBA /* RootController.swift in Sources */ = {isa = PBXBuildFile; fileRef = 146E27A51BCD51F200959BBA /* RootController.swift */; };
		146E27AE1BCD51F200959BBA /* RootView.swift in Sources */ = {isa = PBXBuildFile; fileRef = 146E27A61BCD51F200959BBA /* RootView.swift */; };
		1483128E1B92C11500266943 /* Tests.swift in Sources */ = {isa = PBXBuildFile; fileRef = 1483128D1B92C11500266943 /* Tests.swift */; };
		14CB87E61C96F94F007376A6 /* DataModel.xcdatamodeld in Sources */ = {isa = PBXBuildFile; fileRef = 14CB87E41C96F94F007376A6 /* DataModel.xcdatamodeld */; };
		14CB87E71C96F94F007376A6 /* DataModel.xcdatamodeld in Sources */ = {isa = PBXBuildFile; fileRef = 14CB87E41C96F94F007376A6 /* DataModel.xcdatamodeld */; };
/* End PBXBuildFile section */

/* Begin PBXFileReference section */
		14425E4D1C97078A00F0FAD1 /* UIColor+Custom.swift */ = {isa = PBXFileReference; fileEncoding = 4; lastKnownFileType = sourcecode.swift; path = "UIColor+Custom.swift"; sourceTree = "<group>"; };
		14425E4E1C97078A00F0FAD1 /* UIFont+Custom.swift */ = {isa = PBXFileReference; fileEncoding = 4; lastKnownFileType = sourcecode.swift; path = "UIFont+Custom.swift"; sourceTree = "<group>"; };
		14425E501C97078A00F0FAD1 /* Fetcher.swift */ = {isa = PBXFileReference; fileEncoding = 4; lastKnownFileType = sourcecode.swift; path = Fetcher.swift; sourceTree = "<group>"; };
		14425E521C97078A00F0FAD1 /* BaseCollectionViewController.swift */ = {isa = PBXFileReference; fileEncoding = 4; lastKnownFileType = sourcecode.swift; path = BaseCollectionViewController.swift; sourceTree = "<group>"; };
		14425E531C97078A00F0FAD1 /* BaseTableViewController.swift */ = {isa = PBXFileReference; fileEncoding = 4; lastKnownFileType = sourcecode.swift; path = BaseTableViewController.swift; sourceTree = "<group>"; };
		14425E541C97078A00F0FAD1 /* BaseViewController.swift */ = {isa = PBXFileReference; fileEncoding = 4; lastKnownFileType = sourcecode.swift; path = BaseViewController.swift; sourceTree = "<group>"; };
		146E27891BCD51C800959BBA /* iOS.app */ = {isa = PBXFileReference; explicitFileType = wrapper.application; includeInIndex = 0; path = iOS.app; sourceTree = BUILT_PRODUCTS_DIR; };
		146E27A01BCD51F200959BBA /* Base */ = {isa = PBXFileReference; lastKnownFileType = file.xib; name = Base; path = Base.lproj/LaunchScreen.xib; sourceTree = "<group>"; };
		146E27A11BCD51F200959BBA /* Images.xcassets */ = {isa = PBXFileReference; lastKnownFileType = folder.assetcatalog; path = Images.xcassets; sourceTree = "<group>"; };
		146E27A21BCD51F200959BBA /* Info.plist */ = {isa = PBXFileReference; fileEncoding = 4; lastKnownFileType = text.plist.xml; path = Info.plist; sourceTree = "<group>"; };
		146E27A41BCD51F200959BBA /* AppDelegate.swift */ = {isa = PBXFileReference; fileEncoding = 4; lastKnownFileType = sourcecode.swift; path = AppDelegate.swift; sourceTree = "<group>"; };
		146E27A51BCD51F200959BBA /* RootController.swift */ = {isa = PBXFileReference; fileEncoding = 4; lastKnownFileType = sourcecode.swift; path = RootController.swift; sourceTree = "<group>"; };
		146E27A61BCD51F200959BBA /* RootView.swift */ = {isa = PBXFileReference; fileEncoding = 4; lastKnownFileType = sourcecode.swift; path = RootView.swift; sourceTree = "<group>"; };
		148312891B92C11500266943 /* Tests.xctest */ = {isa = PBXFileReference; explicitFileType = wrapper.cfbundle; includeInIndex = 0; path = Tests.xctest; sourceTree = BUILT_PRODUCTS_DIR; };
		1483128C1B92C11500266943 /* Info.plist */ = {isa = PBXFileReference; lastKnownFileType = text.plist.xml; path = Info.plist; sourceTree = "<group>"; };
		1483128D1B92C11500266943 /* Tests.swift */ = {isa = PBXFileReference; lastKnownFileType = sourcecode.swift; path = Tests.swift; sourceTree = "<group>"; };
		14CB87E51C96F94F007376A6 /* DataModel.xcdatamodel */ = {isa = PBXFileReference; lastKnownFileType = wrapper.xcdatamodel; path = DataModel.xcdatamodel; sourceTree = "<group>"; };
/* End PBXFileReference section */

/* Begin PBXFrameworksBuildPhase section */
		146E27861BCD51C800959BBA /* Frameworks */ = {
			isa = PBXFrameworksBuildPhase;
			buildActionMask = 2147483647;
			files = (
			);
			runOnlyForDeploymentPostprocessing = 0;
		};
		148312861B92C11500266943 /* Frameworks */ = {
			isa = PBXFrameworksBuildPhase;
			buildActionMask = 2147483647;
			files = (
			);
			runOnlyForDeploymentPostprocessing = 0;
		};
/* End PBXFrameworksBuildPhase section */

/* Begin PBXGroup section */
		141A6FD31BDE2DAB00CB6E82 /* Library */ = {
			isa = PBXGroup;
			children = (
				14425E4C1C97078A00F0FAD1 /* Extensions */,
				14425E4F1C97078A00F0FAD1 /* Fetchers */,
				14425E511C97078A00F0FAD1 /* Subclasses */,
				14CB87E31C96F94F007376A6 /* Models */,
			);
			path = Library;
			sourceTree = "<group>";
		};
		14425E4C1C97078A00F0FAD1 /* Extensions */ = {
			isa = PBXGroup;
			children = (
				14425E4D1C97078A00F0FAD1 /* UIColor+Custom.swift */,
				14425E4E1C97078A00F0FAD1 /* UIFont+Custom.swift */,
			);
			path = Extensions;
			sourceTree = "<group>";
		};
		14425E4F1C97078A00F0FAD1 /* Fetchers */ = {
			isa = PBXGroup;
			children = (
				14425E501C97078A00F0FAD1 /* Fetcher.swift */,
			);
			path = Fetchers;
			sourceTree = "<group>";
		};
		14425E511C97078A00F0FAD1 /* Subclasses */ = {
			isa = PBXGroup;
			children = (
				14425E521C97078A00F0FAD1 /* BaseCollectionViewController.swift */,
				14425E531C97078A00F0FAD1 /* BaseTableViewController.swift */,
				14425E541C97078A00F0FAD1 /* BaseViewController.swift */,
			);
			path = Subclasses;
			sourceTree = "<group>";
		};
		146E278A1BCD51C800959BBA /* iOS */ = {
			isa = PBXGroup;
			children = (
				146E279E1BCD51F200959BBA /* Resources */,
				146E27A31BCD51F200959BBA /* Source */,
			);
			path = iOS;
			sourceTree = "<group>";
		};
		146E279E1BCD51F200959BBA /* Resources */ = {
			isa = PBXGroup;
			children = (
				146E279F1BCD51F200959BBA /* LaunchScreen.xib */,
				146E27A11BCD51F200959BBA /* Images.xcassets */,
				146E27A21BCD51F200959BBA /* Info.plist */,
			);
			path = Resources;
			sourceTree = "<group>";
		};
		146E27A31BCD51F200959BBA /* Source */ = {
			isa = PBXGroup;
			children = (
				146E27A41BCD51F200959BBA /* AppDelegate.swift */,
				146E27A51BCD51F200959BBA /* RootController.swift */,
				146E27A61BCD51F200959BBA /* RootView.swift */,
			);
			path = Source;
			sourceTree = "<group>";
		};
		147A139B1B92B9E300E52F9C = {
			isa = PBXGroup;
			children = (
				141A6FD31BDE2DAB00CB6E82 /* Library */,
				146E278A1BCD51C800959BBA /* iOS */,
				1483128A1B92C11500266943 /* Tests */,
				147A13A51B92B9E300E52F9C /* Products */,
				65453B2E3E8B042C8B17E59D /* Frameworks */,
			);
			sourceTree = "<group>";
		};
		147A13A51B92B9E300E52F9C /* Products */ = {
			isa = PBXGroup;
			children = (
				148312891B92C11500266943 /* Tests.xctest */,
				146E27891BCD51C800959BBA /* iOS.app */,
			);
			name = Products;
			sourceTree = "<group>";
		};
		1483128A1B92C11500266943 /* Tests */ = {
			isa = PBXGroup;
			children = (
				1483128D1B92C11500266943 /* Tests.swift */,
				1483128C1B92C11500266943 /* Info.plist */,
			);
			path = Tests;
			sourceTree = "<group>";
		};
		14CB87E31C96F94F007376A6 /* Models */ = {
			isa = PBXGroup;
			children = (
				14CB87E41C96F94F007376A6 /* DataModel.xcdatamodeld */,
			);
			path = Models;
			sourceTree = "<group>";
		};
		65453B2E3E8B042C8B17E59D /* Frameworks */ = {
			isa = PBXGroup;
			children = (
			);
			name = Frameworks;
			sourceTree = "<group>";
		};
/* End PBXGroup section */

/* Begin PBXNativeTarget section */
		146E27881BCD51C800959BBA /* iOS */ = {
			isa = PBXNativeTarget;
			buildConfigurationList = 146E27961BCD51C800959BBA /* Build configuration list for PBXNativeTarget "iOS" */;
			buildPhases = (
				14425E4B1C9702CA00F0FAD1 /* ShellScript */,
				146E27851BCD51C800959BBA /* Sources */,
				146E27861BCD51C800959BBA /* Frameworks */,
				146E27871BCD51C800959BBA /* Resources */,
				14425E4A1C96FED200F0FAD1 /* Highlight TODOs, FIXMEs and WARNINGs */,
			);
			buildRules = (
			);
			dependencies = (
			);
			name = iOS;
			productName = iOS;
			productReference = 146E27891BCD51C800959BBA /* iOS.app */;
			productType = "com.apple.product-type.application";
		};
		148312881B92C11500266943 /* Tests */ = {
			isa = PBXNativeTarget;
			buildConfigurationList = 148312931B92C11500266943 /* Build configuration list for PBXNativeTarget "Tests" */;
			buildPhases = (
				148312851B92C11500266943 /* Sources */,
				148312861B92C11500266943 /* Frameworks */,
				148312871B92C11500266943 /* Resources */,
			);
			buildRules = (
			);
			dependencies = (
			);
			name = Tests;
			productName = Tests;
			productReference = 148312891B92C11500266943 /* Tests.xctest */;
			productType = "com.apple.product-type.bundle.unit-test";
		};
/* End PBXNativeTarget section */

/* Begin PBXProject section */
		147A139C1B92B9E300E52F9C /* Project object */ = {
			isa = PBXProject;
			attributes = {
				LastSwiftMigration = 0700;
				LastSwiftUpdateCheck = 0700;
				LastUpgradeCheck = 0710;
				ORGANIZATIONNAME = "";
				TargetAttributes = {
					146E27881BCD51C800959BBA = {
						CreatedOnToolsVersion = 7.0.1;
					};
					148312881B92C11500266943 = {
						CreatedOnToolsVersion = 6.4;
					};
				};
			};
			buildConfigurationList = 147A139F1B92B9E300E52F9C /* Build configuration list for PBXProject "Project" */;
			compatibilityVersion = "Xcode 3.2";
			developmentRegion = English;
			hasScannedForEncodings = 0;
			knownRegions = (
				en,
				Base,
			);
			mainGroup = 147A139B1B92B9E300E52F9C;
			productRefGroup = 147A13A51B92B9E300E52F9C /* Products */;
			projectDirPath = "";
			projectRoot = "";
			targets = (
				146E27881BCD51C800959BBA /* iOS */,
				148312881B92C11500266943 /* Tests */,
			);
		};
/* End PBXProject section */

/* Begin PBXResourcesBuildPhase section */
		146E27871BCD51C800959BBA /* Resources */ = {
			isa = PBXResourcesBuildPhase;
			buildActionMask = 2147483647;
			files = (
				146E27AA1BCD51F200959BBA /* Images.xcassets in Resources */,
				146E27A91BCD51F200959BBA /* LaunchScreen.xib in Resources */,
			);
			runOnlyForDeploymentPostprocessing = 0;
		};
		148312871B92C11500266943 /* Resources */ = {
			isa = PBXResourcesBuildPhase;
			buildActionMask = 2147483647;
			files = (
			);
			runOnlyForDeploymentPostprocessing = 0;
		};
/* End PBXResourcesBuildPhase section */

/* Begin PBXShellScriptBuildPhase section */
		14425E4A1C96FED200F0FAD1 /* Highlight TODOs, FIXMEs and WARNINGs */ = {
			isa = PBXShellScriptBuildPhase;
			buildActionMask = 2147483647;
			files = (
			);
			inputPaths = (
			);
			name = "Highlight TODOs, FIXMEs and WARNINGs";
			outputPaths = (
			);
			runOnlyForDeploymentPostprocessing = 0;
			shellPath = /bin/sh;
			shellScript = "if [ \"${CONFIGURATION}\" = \"Debug\" ]; then\nTAGS=\"TODO:|FIXME:|WARNING:\"\necho \"searching ${SRCROOT} for ${TAGS}\"\nfind \"${SRCROOT}\" \\( -name \"*.swift\" \\) -print0 | xargs -0 egrep --with-filename --line-number --only-matching \"($TAGS).*\\$\" | perl -p -e \"s/($TAGS)/ warning: \\$1/\"\nfi\n";
		};
		14425E4B1C9702CA00F0FAD1 /* ShellScript */ = {
			isa = PBXShellScriptBuildPhase;
			buildActionMask = 2147483647;
			files = (
			);
			inputPaths = (
			);
			outputPaths = (
			);
			runOnlyForDeploymentPostprocessing = 0;
			shellPath = /bin/sh;
			shellScript = "# Update build number with number of git commits if in release mode\nif [ ${CONFIGURATION} == \"Release\" ]; then\nbuildNumber=$(git rev-list HEAD | wc -l | tr -d ' ')\n/usr/libexec/PlistBuddy -c \"Set :CFBundleVersion $buildNumber\" \"${PROJECT_DIR}/${INFOPLIST_FILE}\"\nfi;";
		};
/* End PBXShellScriptBuildPhase section */

/* Begin PBXSourcesBuildPhase section */
		146E27851BCD51C800959BBA /* Sources */ = {
			isa = PBXSourcesBuildPhase;
			buildActionMask = 2147483647;
			files = (
				14425E571C97078A00F0FAD1 /* UIFont+Custom.swift in Sources */,
				146E27AC1BCD51F200959BBA /* AppDelegate.swift in Sources */,
				14425E551C97078A00F0FAD1 /* UIColor+Custom.swift in Sources */,
				146E27AE1BCD51F200959BBA /* RootView.swift in Sources */,
				146E27AD1BCD51F200959BBA /* RootController.swift in Sources */,
				14CB87E61C96F94F007376A6 /* DataModel.xcdatamodeld in Sources */,
				14425E5B1C97078A00F0FAD1 /* BaseCollectionViewController.swift in Sources */,
				14425E5D1C97078A00F0FAD1 /* BaseTableViewController.swift in Sources */,
				14425E5F1C97078A00F0FAD1 /* BaseViewController.swift in Sources */,
				14425E591C97078A00F0FAD1 /* Fetcher.swift in Sources */,
			);
			runOnlyForDeploymentPostprocessing = 0;
		};
		148312851B92C11500266943 /* Sources */ = {
			isa = PBXSourcesBuildPhase;
			buildActionMask = 2147483647;
			files = (
				1483128E1B92C11500266943 /* Tests.swift in Sources */,
				14425E581C97078A00F0FAD1 /* UIFont+Custom.swift in Sources */,
				14CB87E71C96F94F007376A6 /* DataModel.xcdatamodeld in Sources */,
				14425E5E1C97078A00F0FAD1 /* BaseTableViewController.swift in Sources */,
				14425E5C1C97078A00F0FAD1 /* BaseCollectionViewController.swift in Sources */,
				14425E601C97078A00F0FAD1 /* BaseViewController.swift in Sources */,
				14425E5A1C97078A00F0FAD1 /* Fetcher.swift in Sources */,
				14425E561C97078A00F0FAD1 /* UIColor+Custom.swift in Sources */,
			);
			runOnlyForDeploymentPostprocessing = 0;
		};
/* End PBXSourcesBuildPhase section */

/* Begin PBXVariantGroup section */
		146E279F1BCD51F200959BBA /* LaunchScreen.xib */ = {
			isa = PBXVariantGroup;
			children = (
				146E27A01BCD51F200959BBA /* Base */,
			);
			name = LaunchScreen.xib;
			sourceTree = "<group>";
		};
/* End PBXVariantGroup section */

/* Begin XCBuildConfiguration section */
		146E27971BCD51C800959BBA /* Debug */ = {
			isa = XCBuildConfiguration;
			buildSettings = {
				ASSETCATALOG_COMPILER_APPICON_NAME = AppIcon;
				DEBUG_INFORMATION_FORMAT = dwarf;
				INFOPLIST_FILE = iOS/Resources/Info.plist;
				IPHONEOS_DEPLOYMENT_TARGET = 9.0;
				LD_RUNPATH_SEARCH_PATHS = "$(inherited) @executable_path/Frameworks";
				PRODUCT_BUNDLE_IDENTIFIER = com.demoapp.ios;
				PRODUCT_NAME = "$(TARGET_NAME)";
			};
			name = Debug;
		};
		146E27981BCD51C800959BBA /* Release */ = {
			isa = XCBuildConfiguration;
			buildSettings = {
				ASSETCATALOG_COMPILER_APPICON_NAME = AppIcon;
				INFOPLIST_FILE = iOS/Resources/Info.plist;
				IPHONEOS_DEPLOYMENT_TARGET = 9.0;
				LD_RUNPATH_SEARCH_PATHS = "$(inherited) @executable_path/Frameworks";
				PRODUCT_BUNDLE_IDENTIFIER = com.demoapp.ios;
				PRODUCT_NAME = "$(TARGET_NAME)";
			};
			name = Release;
		};
		147A13C41B92B9E300E52F9C /* Debug */ = {
			isa = XCBuildConfiguration;
			buildSettings = {
				ALWAYS_SEARCH_USER_PATHS = NO;
				CLANG_CXX_LANGUAGE_STANDARD = "gnu++0x";
				CLANG_CXX_LIBRARY = "libc++";
				CLANG_ENABLE_MODULES = YES;
				CLANG_ENABLE_OBJC_ARC = YES;
				CLANG_WARN_BOOL_CONVERSION = YES;
				CLANG_WARN_CONSTANT_CONVERSION = YES;
				CLANG_WARN_DIRECT_OBJC_ISA_USAGE = YES_ERROR;
				CLANG_WARN_EMPTY_BODY = YES;
				CLANG_WARN_ENUM_CONVERSION = YES;
				CLANG_WARN_INT_CONVERSION = YES;
				CLANG_WARN_OBJC_ROOT_CLASS = YES_ERROR;
				CLANG_WARN_UNREACHABLE_CODE = YES;
				CLANG_WARN__DUPLICATE_METHOD_MATCH = YES;
				"CODE_SIGN_IDENTITY[sdk=iphoneos*]" = "iPhone Developer";
				COPY_PHASE_STRIP = NO;
				DEBUG_INFORMATION_FORMAT = "dwarf-with-dsym";
				ENABLE_STRICT_OBJC_MSGSEND = YES;
				ENABLE_TESTABILITY = YES;
				GCC_C_LANGUAGE_STANDARD = gnu99;
				GCC_DYNAMIC_NO_PIC = NO;
				GCC_NO_COMMON_BLOCKS = YES;
				GCC_OPTIMIZATION_LEVEL = 0;
				GCC_PREPROCESSOR_DEFINITIONS = (
					"DEBUG=1",
					"$(inherited)",
				);
				GCC_SYMBOLS_PRIVATE_EXTERN = NO;
				GCC_WARN_64_TO_32_BIT_CONVERSION = YES;
				GCC_WARN_ABOUT_RETURN_TYPE = YES_ERROR;
				GCC_WARN_UNDECLARED_SELECTOR = YES;
				GCC_WARN_UNINITIALIZED_AUTOS = YES_AGGRESSIVE;
				GCC_WARN_UNUSED_FUNCTION = YES;
				GCC_WARN_UNUSED_VARIABLE = YES;
				IPHONEOS_DEPLOYMENT_TARGET = 8.4;
				MTL_ENABLE_DEBUG_INFO = YES;
				ONLY_ACTIVE_ARCH = YES;
				SDKROOT = iphoneos;
				SWIFT_OPTIMIZATION_LEVEL = "-Onone";
			};
			name = Debug;
		};
		147A13C51B92B9E300E52F9C /* Release */ = {
			isa = XCBuildConfiguration;
			buildSettings = {
				ALWAYS_SEARCH_USER_PATHS = NO;
				CLANG_CXX_LANGUAGE_STANDARD = "gnu++0x";
				CLANG_CXX_LIBRARY = "libc++";
				CLANG_ENABLE_MODULES = YES;
				CLANG_ENABLE_OBJC_ARC = YES;
				CLANG_WARN_BOOL_CONVERSION = YES;
				CLANG_WARN_CONSTANT_CONVERSION = YES;
				CLANG_WARN_DIRECT_OBJC_ISA_USAGE = YES_ERROR;
				CLANG_WARN_EMPTY_BODY = YES;
				CLANG_WARN_ENUM_CONVERSION = YES;
				CLANG_WARN_INT_CONVERSION = YES;
				CLANG_WARN_OBJC_ROOT_CLASS = YES_ERROR;
				CLANG_WARN_UNREACHABLE_CODE = YES;
				CLANG_WARN__DUPLICATE_METHOD_MATCH = YES;
				"CODE_SIGN_IDENTITY[sdk=iphoneos*]" = "iPhone Developer";
				COPY_PHASE_STRIP = NO;
				DEBUG_INFORMATION_FORMAT = "dwarf-with-dsym";
				ENABLE_NS_ASSERTIONS = NO;
				ENABLE_STRICT_OBJC_MSGSEND = YES;
				GCC_C_LANGUAGE_STANDARD = gnu99;
				GCC_NO_COMMON_BLOCKS = YES;
				GCC_WARN_64_TO_32_BIT_CONVERSION = YES;
				GCC_WARN_ABOUT_RETURN_TYPE = YES_ERROR;
				GCC_WARN_UNDECLARED_SELECTOR = YES;
				GCC_WARN_UNINITIALIZED_AUTOS = YES_AGGRESSIVE;
				GCC_WARN_UNUSED_FUNCTION = YES;
				GCC_WARN_UNUSED_VARIABLE = YES;
				IPHONEOS_DEPLOYMENT_TARGET = 8.4;
				MTL_ENABLE_DEBUG_INFO = NO;
				SDKROOT = iphoneos;
				VALIDATE_PRODUCT = YES;
			};
			name = Release;
		};
		148312911B92C11500266943 /* Debug */ = {
			isa = XCBuildConfiguration;
			buildSettings = {
				FRAMEWORK_SEARCH_PATHS = (
					"$(SDKROOT)/Developer/Library/Frameworks",
					"$(inherited)",
				);
				GCC_PREPROCESSOR_DEFINITIONS = (
					"DEBUG=1",
					"$(inherited)",
				);
				INFOPLIST_FILE = Tests/Info.plist;
				LD_RUNPATH_SEARCH_PATHS = "$(inherited) @executable_path/Frameworks @loader_path/Frameworks";
				PRODUCT_BUNDLE_IDENTIFIER = "com.rename.$(PRODUCT_NAME:rfc1034identifier)";
				PRODUCT_NAME = "$(TARGET_NAME)";
			};
			name = Debug;
		};
		148312921B92C11500266943 /* Release */ = {
			isa = XCBuildConfiguration;
			buildSettings = {
				FRAMEWORK_SEARCH_PATHS = (
					"$(SDKROOT)/Developer/Library/Frameworks",
					"$(inherited)",
				);
				INFOPLIST_FILE = Tests/Info.plist;
				LD_RUNPATH_SEARCH_PATHS = "$(inherited) @executable_path/Frameworks @loader_path/Frameworks";
				PRODUCT_BUNDLE_IDENTIFIER = "com.rename.$(PRODUCT_NAME:rfc1034identifier)";
				PRODUCT_NAME = "$(TARGET_NAME)";
			};
			name = Release;
		};
/* End XCBuildConfiguration section */

/* Begin XCConfigurationList section */
		146E27961BCD51C800959BBA /* Build configuration list for PBXNativeTarget "iOS" */ = {
			isa = XCConfigurationList;
			buildConfigurations = (
				146E27971BCD51C800959BBA /* Debug */,
				146E27981BCD51C800959BBA /* Release */,
			);
			defaultConfigurationIsVisible = 0;
			defaultConfigurationName = Release;
		};
		147A139F1B92B9E300E52F9C /* Build configuration list for PBXProject "Project" */ = {
			isa = XCConfigurationList;
			buildConfigurations = (
				147A13C41B92B9E300E52F9C /* Debug */,
				147A13C51B92B9E300E52F9C /* Release */,
			);
			defaultConfigurationIsVisible = 0;
			defaultConfigurationName = Release;
		};
		148312931B92C11500266943 /* Build configuration list for PBXNativeTarget "Tests" */ = {
			isa = XCConfigurationList;
			buildConfigurations = (
				148312911B92C11500266943 /* Debug */,
				148312921B92C11500266943 /* Release */,
			);
			defaultConfigurationIsVisible = 0;
			defaultConfigurationName = Release;
		};
/* End XCConfigurationList section */

/* Begin XCVersionGroup section */
		14CB87E41C96F94F007376A6 /* DataModel.xcdatamodeld */ = {
			isa = XCVersionGroup;
			children = (
				14CB87E51C96F94F007376A6 /* DataModel.xcdatamodel */,
			);
			currentVersion = 14CB87E51C96F94F007376A6 /* DataModel.xcdatamodel */;
			path = DataModel.xcdatamodeld;
			sourceTree = "<group>";
			versionGroupType = wrapper.xcdatamodel;
		};
/* End XCVersionGroup section */
	};
	rootObject = 147A139C1B92B9E300E52F9C /* Project object */;
}
