PODS:
  - DATAFilter (0.11.2):
    - DATAObjectIDs (~> 0.6.0)
  - DATAObjectIDs (0.6.0)
  - DATASource (5.10.0)
  - DATAStack (5.4.2)
  - DateParser (0.1.0)
  - Hex (3.0.0)
  - Networking (1.1.2)
  - NSDictionary-ANDYSafeValue (0.3.1)
  - NSEntityDescription-SYNCPrimaryKey (1.2.4):
    - NSString-HYPNetworking (~> 1.0.3)
  - NSManagedObject-HYPPropertyMapper (4.0.1):
    - DateParser (~> 0.1.0)
    - NSEntityDescription-SYNCPrimaryKey (~> 1.2.4)
    - NSString-HYPNetworking (~> 1.0.3)
  - NSString-HYPNetworking (1.0.3)
  - SweetUIKit (0.5.0)
  - Sync (1.13.2):
    - DATAFilter (~> 0.11.2)
    - DATAStack (~> 5.4.1)
    - NSDictionary-ANDYSafeValue (~> 0.3.1)
    - NSEntityDescription-SYNCPrimaryKey (~> 1.2.4)
    - NSManagedObject-HYPPropertyMapper (~> 4.0.1)

DEPENDENCIES:
  - DATASource
  - Hex
  - Networking
  - SweetUIKit
  - Sync

SPEC CHECKSUMS:
  DATAFilter: 1d339e27caf0a72d895a1ae664e044fff368a520
  DATAObjectIDs: e3d50315134d21009f3b34983bcf44e74d8ab54a
  DATASource: 444542bc20734886c3fa46f53ec4b1dbee750950
  DATAStack: 931ef9a21c6badd0ff5de494a5d49109ba7e8115
  DateParser: 6609ccde5a21650e2f61cea718a2e5c6c34ce4e8
  Hex: ee430da9c4412d9196366ae5327f279021dc03eb
  Networking: 803136a76944ef166f2d53da140d0e14662b620e
  NSDictionary-ANDYSafeValue: 2d7adf339b6e302d71fec5f1d71ae00aacda993e
  NSEntityDescription-SYNCPrimaryKey: 8f3024bddb098157b08710dc29a011e9948c5ed8
  NSManagedObject-HYPPropertyMapper: 2b42481a261b467024f6b6096fbe0a307a5198e3
  NSString-HYPNetworking: d4cc1047b85a02bdadd90c51b5d497e07d812efc
  SweetUIKit: 602f27dfd7fd386f6a48d84021f88d04f13a02f0
  Sync: 66152c697389f0b48749badb931971688e8b572b

PODFILE CHECKSUM: 5ee3a74cfb80b3ff2df57ea0ef3278ee7cabdc3f

COCOAPODS: 1.0.1
